
Microsoft Visual Studio Solution File, Format Version 12.00
# Visual Studio Version 16
VisualStudioVersion = 16.0.29326.143
MinimumVisualStudioVersion = 10.0.40219.1
Project("{FAE04EC0-301F-11D3-BF4B-00C04F79EFBC}") = "CourseList", "CourseList\CourseList.csproj", "{8BA8B701-D422-4D8F-B7D3-D98EC0FC652D}"
EndProject
Global
	GlobalSection(SolutionConfigurationPlatforms) = preSolution
		Debug|Any CPU = Debug|Any CPU
		Release|Any CPU = Release|Any CPU
	EndGlobalSection
	GlobalSection(ProjectConfigurationPlatforms) = postSolution
		{8BA8B701-D422-4D8F-B7D3-D98EC0FC652D}.Debug|Any CPU.ActiveCfg = Debug|Any CPU
		{8BA8B701-D422-4D8F-B7D3-D98EC0FC652D}.Debug|Any CPU.Build.0 = Debug|Any CPU
		{8BA8B701-D422-4D8F-B7D3-D98EC0FC652D}.Release|Any CPU.ActiveCfg = Release|Any CPU
		{8BA8B701-D422-4D8F-B7D3-D98EC0FC652D}.Release|Any CPU.Build.0 = Release|Any CPU
	EndGlobalSection
	GlobalSection(SolutionProperties) = preSolution
		HideSolutionNode = FALSE
	EndGlobalSection
	GlobalSection(ExtensibilityGlobals) = postSolution
		SolutionGuid = {D3EE397C-48C6-452E-B11E-A8476F92102F}
	EndGlobalSection
EndGlobal
